// !$*UTF8*$!
{
	archiveVersion = 1;
	classes = {
	};
	objectVersion = 46;
	objects = {

/* Begin PBXBuildFile section */
		8410F2F0170AF5AD001191E3 /* Cocoa.framework in Frameworks */ = {isa = PBXBuildFile; fileRef = 8410F2EF170AF5AD001191E3 /* Cocoa.framework */; };
		8410F2FA170AF5AD001191E3 /* InfoPlist.strings in Resources */ = {isa = PBXBuildFile; fileRef = 8410F2F8170AF5AD001191E3 /* InfoPlist.strings */; };
		8410F2FC170AF5AD001191E3 /* main.m in Sources */ = {isa = PBXBuildFile; fileRef = 8410F2FB170AF5AD001191E3 /* main.m */; };
		8410F300170AF5AD001191E3 /* Credits.rtf in Resources */ = {isa = PBXBuildFile; fileRef = 8410F2FE170AF5AD001191E3 /* Credits.rtf */; };
		8410F303170AF5AD001191E3 /* AppDelegate.m in Sources */ = {isa = PBXBuildFile; fileRef = 8410F302170AF5AD001191E3 /* AppDelegate.m */; };
		8410F306170AF5AD001191E3 /* MainMenu.xib in Resources */ = {isa = PBXBuildFile; fileRef = 8410F304170AF5AD001191E3 /* MainMenu.xib */; };
		8410F309170AF5AD001191E3 /* MacMiner.xcdatamodeld in Sources */ = {isa = PBXBuildFile; fileRef = 8410F307170AF5AD001191E3 /* MacMiner.xcdatamodeld */; };
		8410F311170AF5AE001191E3 /* SenTestingKit.framework in Frameworks */ = {isa = PBXBuildFile; fileRef = 8410F310170AF5AE001191E3 /* SenTestingKit.framework */; };
		8410F312170AF5AE001191E3 /* Cocoa.framework in Frameworks */ = {isa = PBXBuildFile; fileRef = 8410F2EF170AF5AD001191E3 /* Cocoa.framework */; };
		8410F31A170AF5AE001191E3 /* InfoPlist.strings in Resources */ = {isa = PBXBuildFile; fileRef = 8410F318170AF5AE001191E3 /* InfoPlist.strings */; };
		8410F31D170AF5AE001191E3 /* MacMinerTests.m in Sources */ = {isa = PBXBuildFile; fileRef = 8410F31C170AF5AE001191E3 /* MacMinerTests.m */; };
		8410F328170AF640001191E3 /* mainViewController.m in Sources */ = {isa = PBXBuildFile; fileRef = 8410F327170AF640001191E3 /* mainViewController.m */; };
		8410F32B170B2152001191E3 /* TaskWrapper.m in Sources */ = {isa = PBXBuildFile; fileRef = 8410F32A170B2152001191E3 /* TaskWrapper.m */; };
		8410F32E170B2AF9001191E3 /* NSFileManager+DirectoryLocations.m in Sources */ = {isa = PBXBuildFile; fileRef = 8410F32D170B2AF9001191E3 /* NSFileManager+DirectoryLocations.m */; };
		8410F32F170B2AF9001191E3 /* NSFileManager+DirectoryLocations.m in Sources */ = {isa = PBXBuildFile; fileRef = 8410F32D170B2AF9001191E3 /* NSFileManager+DirectoryLocations.m */; };
		84296C2C171CA469006DA9D5 /* imine.icns in Resources */ = {isa = PBXBuildFile; fileRef = 84296C2B171CA469006DA9D5 /* imine.icns */; };
		84296C2E171F5419006DA9D5 /* icon.icns in Resources */ = {isa = PBXBuildFile; fileRef = 84296C2D171F5419006DA9D5 /* icon.icns */; };
		84296C30171F5870006DA9D5 /* macminer.iconset in Resources */ = {isa = PBXBuildFile; fileRef = 84296C2F171F5870006DA9D5 /* macminer.iconset */; };
		845151DE170F8D8F00BA4055 /* poclbm.app in Resources */ = {isa = PBXBuildFile; fileRef = 845151DD170F8D8F00BA4055 /* poclbm.app */; };
/* End PBXBuildFile section */

/* Begin PBXContainerItemProxy section */
		8410F313170AF5AE001191E3 /* PBXContainerItemProxy */ = {
			isa = PBXContainerItemProxy;
			containerPortal = 8410F2E4170AF5AD001191E3 /* Project object */;
			proxyType = 1;
			remoteGlobalIDString = 8410F2EB170AF5AD001191E3;
			remoteInfo = MacMiner;
		};
/* End PBXContainerItemProxy section */

/* Begin PBXFileReference section */
		8410F2EC170AF5AD001191E3 /* MacMiner.app */ = {isa = PBXFileReference; explicitFileType = wrapper.application; includeInIndex = 0; path = MacMiner.app; sourceTree = BUILT_PRODUCTS_DIR; };
		8410F2EF170AF5AD001191E3 /* Cocoa.framework */ = {isa = PBXFileReference; lastKnownFileType = wrapper.framework; name = Cocoa.framework; path = System/Library/Frameworks/Cocoa.framework; sourceTree = SDKROOT; };
		8410F2F2170AF5AD001191E3 /* AppKit.framework */ = {isa = PBXFileReference; lastKnownFileType = wrapper.framework; name = AppKit.framework; path = System/Library/Frameworks/AppKit.framework; sourceTree = SDKROOT; };
		8410F2F3170AF5AD001191E3 /* CoreData.framework */ = {isa = PBXFileReference; lastKnownFileType = wrapper.framework; name = CoreData.framework; path = System/Library/Frameworks/CoreData.framework; sourceTree = SDKROOT; };
		8410F2F4170AF5AD001191E3 /* Foundation.framework */ = {isa = PBXFileReference; lastKnownFileType = wrapper.framework; name = Foundation.framework; path = System/Library/Frameworks/Foundation.framework; sourceTree = SDKROOT; };
		8410F2F7170AF5AD001191E3 /* MacMiner-Info.plist */ = {isa = PBXFileReference; lastKnownFileType = text.plist.xml; path = "MacMiner-Info.plist"; sourceTree = "<group>"; };
		8410F2F9170AF5AD001191E3 /* en */ = {isa = PBXFileReference; lastKnownFileType = text.plist.strings; name = en; path = en.lproj/InfoPlist.strings; sourceTree = "<group>"; };
		8410F2FB170AF5AD001191E3 /* main.m */ = {isa = PBXFileReference; lastKnownFileType = sourcecode.c.objc; path = main.m; sourceTree = "<group>"; };
		8410F2FD170AF5AD001191E3 /* MacMiner-Prefix.pch */ = {isa = PBXFileReference; lastKnownFileType = sourcecode.c.h; path = "MacMiner-Prefix.pch"; sourceTree = "<group>"; };
		8410F2FF170AF5AD001191E3 /* en */ = {isa = PBXFileReference; lastKnownFileType = text.rtf; name = en; path = en.lproj/Credits.rtf; sourceTree = "<group>"; };
		8410F301170AF5AD001191E3 /* AppDelegate.h */ = {isa = PBXFileReference; lastKnownFileType = sourcecode.c.h; path = AppDelegate.h; sourceTree = "<group>"; };
		8410F302170AF5AD001191E3 /* AppDelegate.m */ = {isa = PBXFileReference; lastKnownFileType = sourcecode.c.objc; path = AppDelegate.m; sourceTree = "<group>"; };
		8410F305170AF5AD001191E3 /* en */ = {isa = PBXFileReference; lastKnownFileType = file.xib; name = en; path = en.lproj/MainMenu.xib; sourceTree = "<group>"; };
		8410F308170AF5AD001191E3 /* MacMiner.xcdatamodel */ = {isa = PBXFileReference; lastKnownFileType = wrapper.xcdatamodel; path = MacMiner.xcdatamodel; sourceTree = "<group>"; };
		8410F30F170AF5AE001191E3 /* MacMinerTests.octest */ = {isa = PBXFileReference; explicitFileType = wrapper.cfbundle; includeInIndex = 0; path = MacMinerTests.octest; sourceTree = BUILT_PRODUCTS_DIR; };
		8410F310170AF5AE001191E3 /* SenTestingKit.framework */ = {isa = PBXFileReference; lastKnownFileType = wrapper.framework; name = SenTestingKit.framework; path = Library/Frameworks/SenTestingKit.framework; sourceTree = DEVELOPER_DIR; };
		8410F317170AF5AE001191E3 /* MacMinerTests-Info.plist */ = {isa = PBXFileReference; lastKnownFileType = text.plist.xml; path = "MacMinerTests-Info.plist"; sourceTree = "<group>"; };
		8410F319170AF5AE001191E3 /* en */ = {isa = PBXFileReference; lastKnownFileType = text.plist.strings; name = en; path = en.lproj/InfoPlist.strings; sourceTree = "<group>"; };
		8410F31B170AF5AE001191E3 /* MacMinerTests.h */ = {isa = PBXFileReference; lastKnownFileType = sourcecode.c.h; path = MacMinerTests.h; sourceTree = "<group>"; };
		8410F31C170AF5AE001191E3 /* MacMinerTests.m */ = {isa = PBXFileReference; lastKnownFileType = sourcecode.c.objc; path = MacMinerTests.m; sourceTree = "<group>"; };
		8410F326170AF640001191E3 /* mainViewController.h */ = {isa = PBXFileReference; fileEncoding = 4; lastKnownFileType = sourcecode.c.h; path = mainViewController.h; sourceTree = "<group>"; };
		8410F327170AF640001191E3 /* mainViewController.m */ = {isa = PBXFileReference; fileEncoding = 4; lastKnownFileType = sourcecode.c.objc; path = mainViewController.m; sourceTree = "<group>"; };
		8410F329170B2152001191E3 /* TaskWrapper.h */ = {isa = PBXFileReference; fileEncoding = 4; lastKnownFileType = sourcecode.c.h; path = TaskWrapper.h; sourceTree = "<group>"; };
		8410F32A170B2152001191E3 /* TaskWrapper.m */ = {isa = PBXFileReference; fileEncoding = 4; lastKnownFileType = sourcecode.c.objc; path = TaskWrapper.m; sourceTree = "<group>"; };
		8410F32C170B2AF9001191E3 /* NSFileManager+DirectoryLocations.h */ = {isa = PBXFileReference; fileEncoding = 4; lastKnownFileType = sourcecode.c.h; path = "NSFileManager+DirectoryLocations.h"; sourceTree = "<group>"; };
		8410F32D170B2AF9001191E3 /* NSFileManager+DirectoryLocations.m */ = {isa = PBXFileReference; fileEncoding = 4; lastKnownFileType = sourcecode.c.objc; path = "NSFileManager+DirectoryLocations.m"; sourceTree = "<group>"; };
		84296C2B171CA469006DA9D5 /* imine.icns */ = {isa = PBXFileReference; lastKnownFileType = image.icns; path = imine.icns; sourceTree = "<group>"; };
		84296C2D171F5419006DA9D5 /* icon.icns */ = {isa = PBXFileReference; lastKnownFileType = image.icns; path = icon.icns; sourceTree = "<group>"; };
		84296C2F171F5870006DA9D5 /* macminer.iconset */ = {isa = PBXFileReference; lastKnownFileType = folder.iconset; path = macminer.iconset; sourceTree = "<group>"; };
		845151DD170F8D8F00BA4055 /* poclbm.app */ = {isa = PBXFileReference; lastKnownFileType = wrapper.application; path = poclbm.app; sourceTree = "<group>"; };
/* End PBXFileReference section */

/* Begin PBXFrameworksBuildPhase section */
		8410F2E9170AF5AD001191E3 /* Frameworks */ = {
			isa = PBXFrameworksBuildPhase;
			buildActionMask = 2147483647;
			files = (
				8410F2F0170AF5AD001191E3 /* Cocoa.framework in Frameworks */,
			);
			runOnlyForDeploymentPostprocessing = 0;
		};
		8410F30B170AF5AE001191E3 /* Frameworks */ = {
			isa = PBXFrameworksBuildPhase;
			buildActionMask = 2147483647;
			files = (
				8410F311170AF5AE001191E3 /* SenTestingKit.framework in Frameworks */,
				8410F312170AF5AE001191E3 /* Cocoa.framework in Frameworks */,
			);
			runOnlyForDeploymentPostprocessing = 0;
		};
/* End PBXFrameworksBuildPhase section */

/* Begin PBXGroup section */
		8410F2E3170AF5AD001191E3 = {
			isa = PBXGroup;
			children = (
				84296C2F171F5870006DA9D5 /* macminer.iconset */,
				84296C2D171F5419006DA9D5 /* icon.icns */,
				84296C2B171CA469006DA9D5 /* imine.icns */,
				8410F2F5170AF5AD001191E3 /* MacMiner */,
				8410F315170AF5AE001191E3 /* MacMinerTests */,
				8410F2EE170AF5AD001191E3 /* Frameworks */,
				8410F2ED170AF5AD001191E3 /* Products */,
			);
			sourceTree = "<group>";
		};
		8410F2ED170AF5AD001191E3 /* Products */ = {
			isa = PBXGroup;
			children = (
				8410F2EC170AF5AD001191E3 /* MacMiner.app */,
				8410F30F170AF5AE001191E3 /* MacMinerTests.octest */,
			);
			name = Products;
			sourceTree = "<group>";
		};
		8410F2EE170AF5AD001191E3 /* Frameworks */ = {
			isa = PBXGroup;
			children = (
				8410F2EF170AF5AD001191E3 /* Cocoa.framework */,
				8410F310170AF5AE001191E3 /* SenTestingKit.framework */,
				8410F2F1170AF5AD001191E3 /* Other Frameworks */,
			);
			name = Frameworks;
			sourceTree = "<group>";
		};
		8410F2F1170AF5AD001191E3 /* Other Frameworks */ = {
			isa = PBXGroup;
			children = (
				8410F2F2170AF5AD001191E3 /* AppKit.framework */,
				8410F2F3170AF5AD001191E3 /* CoreData.framework */,
				8410F2F4170AF5AD001191E3 /* Foundation.framework */,
			);
			name = "Other Frameworks";
			sourceTree = "<group>";
		};
		8410F2F5170AF5AD001191E3 /* MacMiner */ = {
			isa = PBXGroup;
			children = (
				8410F301170AF5AD001191E3 /* AppDelegate.h */,
				8410F302170AF5AD001191E3 /* AppDelegate.m */,
				8410F32C170B2AF9001191E3 /* NSFileManager+DirectoryLocations.h */,
				8410F32D170B2AF9001191E3 /* NSFileManager+DirectoryLocations.m */,
				8410F304170AF5AD001191E3 /* MainMenu.xib */,
				8410F326170AF640001191E3 /* mainViewController.h */,
				8410F327170AF640001191E3 /* mainViewController.m */,
				8410F329170B2152001191E3 /* TaskWrapper.h */,
				8410F32A170B2152001191E3 /* TaskWrapper.m */,
				845151DD170F8D8F00BA4055 /* poclbm.app */,
				8410F307170AF5AD001191E3 /* MacMiner.xcdatamodeld */,
				8410F2F6170AF5AD001191E3 /* Supporting Files */,
			);
			path = MacMiner;
			sourceTree = "<group>";
		};
		8410F2F6170AF5AD001191E3 /* Supporting Files */ = {
			isa = PBXGroup;
			children = (
				8410F2F7170AF5AD001191E3 /* MacMiner-Info.plist */,
				8410F2F8170AF5AD001191E3 /* InfoPlist.strings */,
				8410F2FB170AF5AD001191E3 /* main.m */,
				8410F2FD170AF5AD001191E3 /* MacMiner-Prefix.pch */,
				8410F2FE170AF5AD001191E3 /* Credits.rtf */,
			);
			name = "Supporting Files";
			sourceTree = "<group>";
		};
		8410F315170AF5AE001191E3 /* MacMinerTests */ = {
			isa = PBXGroup;
			children = (
				8410F31B170AF5AE001191E3 /* MacMinerTests.h */,
				8410F31C170AF5AE001191E3 /* MacMinerTests.m */,
				8410F316170AF5AE001191E3 /* Supporting Files */,
			);
			path = MacMinerTests;
			sourceTree = "<group>";
		};
		8410F316170AF5AE001191E3 /* Supporting Files */ = {
			isa = PBXGroup;
			children = (
				8410F317170AF5AE001191E3 /* MacMinerTests-Info.plist */,
				8410F318170AF5AE001191E3 /* InfoPlist.strings */,
			);
			name = "Supporting Files";
			sourceTree = "<group>";
		};
/* End PBXGroup section */

/* Begin PBXNativeTarget section */
		8410F2EB170AF5AD001191E3 /* MacMiner */ = {
			isa = PBXNativeTarget;
			buildConfigurationList = 8410F320170AF5AE001191E3 /* Build configuration list for PBXNativeTarget "MacMiner" */;
			buildPhases = (
				8410F2E8170AF5AD001191E3 /* Sources */,
				8410F2E9170AF5AD001191E3 /* Frameworks */,
				8410F2EA170AF5AD001191E3 /* Resources */,
			);
			buildRules = (
			);
			dependencies = (
			);
			name = MacMiner;
			productName = MacMiner;
			productReference = 8410F2EC170AF5AD001191E3 /* MacMiner.app */;
			productType = "com.apple.product-type.application";
		};
		8410F30E170AF5AE001191E3 /* MacMinerTests */ = {
			isa = PBXNativeTarget;
			buildConfigurationList = 8410F323170AF5AE001191E3 /* Build configuration list for PBXNativeTarget "MacMinerTests" */;
			buildPhases = (
				8410F30A170AF5AE001191E3 /* Sources */,
				8410F30B170AF5AE001191E3 /* Frameworks */,
				8410F30C170AF5AE001191E3 /* Resources */,
				8410F30D170AF5AE001191E3 /* ShellScript */,
			);
			buildRules = (
			);
			dependencies = (
				8410F314170AF5AE001191E3 /* PBXTargetDependency */,
			);
			name = MacMinerTests;
			productName = MacMinerTests;
			productReference = 8410F30F170AF5AE001191E3 /* MacMinerTests.octest */;
			productType = "com.apple.product-type.bundle";
		};
/* End PBXNativeTarget section */

/* Begin PBXProject section */
		8410F2E4170AF5AD001191E3 /* Project object */ = {
			isa = PBXProject;
			attributes = {
				LastUpgradeCheck = 0460;
				ORGANIZATIONNAME = fabulouspanda;
			};
			buildConfigurationList = 8410F2E7170AF5AD001191E3 /* Build configuration list for PBXProject "MacMiner" */;
			compatibilityVersion = "Xcode 3.2";
			developmentRegion = English;
			hasScannedForEncodings = 0;
			knownRegions = (
				en,
			);
			mainGroup = 8410F2E3170AF5AD001191E3;
			productRefGroup = 8410F2ED170AF5AD001191E3 /* Products */;
			projectDirPath = "";
			projectRoot = "";
			targets = (
				8410F2EB170AF5AD001191E3 /* MacMiner */,
				8410F30E170AF5AE001191E3 /* MacMinerTests */,
			);
		};
/* End PBXProject section */

/* Begin PBXResourcesBuildPhase section */
		8410F2EA170AF5AD001191E3 /* Resources */ = {
			isa = PBXResourcesBuildPhase;
			buildActionMask = 2147483647;
			files = (
				8410F2FA170AF5AD001191E3 /* InfoPlist.strings in Resources */,
				8410F300170AF5AD001191E3 /* Credits.rtf in Resources */,
				8410F306170AF5AD001191E3 /* MainMenu.xib in Resources */,
				845151DE170F8D8F00BA4055 /* poclbm.app in Resources */,
				84296C2C171CA469006DA9D5 /* imine.icns in Resources */,
				84296C2E171F5419006DA9D5 /* icon.icns in Resources */,
				84296C30171F5870006DA9D5 /* macminer.iconset in Resources */,
			);
			runOnlyForDeploymentPostprocessing = 0;
		};
		8410F30C170AF5AE001191E3 /* Resources */ = {
			isa = PBXResourcesBuildPhase;
			buildActionMask = 2147483647;
			files = (
				8410F31A170AF5AE001191E3 /* InfoPlist.strings in Resources */,
			);
			runOnlyForDeploymentPostprocessing = 0;
		};
/* End PBXResourcesBuildPhase section */

/* Begin PBXShellScriptBuildPhase section */
		8410F30D170AF5AE001191E3 /* ShellScript */ = {
			isa = PBXShellScriptBuildPhase;
			buildActionMask = 2147483647;
			files = (
			);
			inputPaths = (
			);
			outputPaths = (
			);
			runOnlyForDeploymentPostprocessing = 0;
			shellPath = /bin/sh;
			shellScript = "# Run the unit tests in this test bundle.\n\"${SYSTEM_DEVELOPER_DIR}/Tools/RunUnitTests\"\n";
		};
/* End PBXShellScriptBuildPhase section */

/* Begin PBXSourcesBuildPhase section */
		8410F2E8170AF5AD001191E3 /* Sources */ = {
			isa = PBXSourcesBuildPhase;
			buildActionMask = 2147483647;
			files = (
				8410F2FC170AF5AD001191E3 /* main.m in Sources */,
				8410F303170AF5AD001191E3 /* AppDelegate.m in Sources */,
				8410F309170AF5AD001191E3 /* MacMiner.xcdatamodeld in Sources */,
				8410F328170AF640001191E3 /* mainViewController.m in Sources */,
				8410F32B170B2152001191E3 /* TaskWrapper.m in Sources */,
				8410F32E170B2AF9001191E3 /* NSFileManager+DirectoryLocations.m in Sources */,
			);
			runOnlyForDeploymentPostprocessing = 0;
		};
		8410F30A170AF5AE001191E3 /* Sources */ = {
			isa = PBXSourcesBuildPhase;
			buildActionMask = 2147483647;
			files = (
				8410F31D170AF5AE001191E3 /* MacMinerTests.m in Sources */,
				8410F32F170B2AF9001191E3 /* NSFileManager+DirectoryLocations.m in Sources */,
			);
			runOnlyForDeploymentPostprocessing = 0;
		};
/* End PBXSourcesBuildPhase section */

/* Begin PBXTargetDependency section */
		8410F314170AF5AE001191E3 /* PBXTargetDependency */ = {
			isa = PBXTargetDependency;
			target = 8410F2EB170AF5AD001191E3 /* MacMiner */;
			targetProxy = 8410F313170AF5AE001191E3 /* PBXContainerItemProxy */;
		};
/* End PBXTargetDependency section */

/* Begin PBXVariantGroup section */
		8410F2F8170AF5AD001191E3 /* InfoPlist.strings */ = {
			isa = PBXVariantGroup;
			children = (
				8410F2F9170AF5AD001191E3 /* en */,
			);
			name = InfoPlist.strings;
			sourceTree = "<group>";
		};
		8410F2FE170AF5AD001191E3 /* Credits.rtf */ = {
			isa = PBXVariantGroup;
			children = (
				8410F2FF170AF5AD001191E3 /* en */,
			);
			name = Credits.rtf;
			sourceTree = "<group>";
		};
		8410F304170AF5AD001191E3 /* MainMenu.xib */ = {
			isa = PBXVariantGroup;
			children = (
				8410F305170AF5AD001191E3 /* en */,
			);
			name = MainMenu.xib;
			sourceTree = "<group>";
		};
		8410F318170AF5AE001191E3 /* InfoPlist.strings */ = {
			isa = PBXVariantGroup;
			children = (
				8410F319170AF5AE001191E3 /* en */,
			);
			name = InfoPlist.strings;
			sourceTree = "<group>";
		};
/* End PBXVariantGroup section */

/* Begin XCBuildConfiguration section */
		8410F31E170AF5AE001191E3 /* Debug */ = {
			isa = XCBuildConfiguration;
			buildSettings = {
				ALWAYS_SEARCH_USER_PATHS = NO;
				ARCHS = "$(ARCHS_STANDARD_64_BIT)";
				CLANG_CXX_LANGUAGE_STANDARD = "gnu++0x";
				CLANG_CXX_LIBRARY = "libc++";
				CLANG_ENABLE_OBJC_ARC = YES;
				CLANG_WARN_CONSTANT_CONVERSION = YES;
				CLANG_WARN_EMPTY_BODY = YES;
				CLANG_WARN_ENUM_CONVERSION = YES;
				CLANG_WARN_INT_CONVERSION = YES;
				CLANG_WARN__DUPLICATE_METHOD_MATCH = YES;
				COPY_PHASE_STRIP = NO;
				GCC_C_LANGUAGE_STANDARD = gnu99;
				GCC_DYNAMIC_NO_PIC = NO;
				GCC_ENABLE_OBJC_EXCEPTIONS = YES;
				GCC_OPTIMIZATION_LEVEL = 0;
				GCC_PREPROCESSOR_DEFINITIONS = (
					"DEBUG=1",
					"$(inherited)",
				);
				GCC_SYMBOLS_PRIVATE_EXTERN = NO;
				GCC_WARN_64_TO_32_BIT_CONVERSION = YES;
				GCC_WARN_ABOUT_RETURN_TYPE = YES;
				GCC_WARN_UNINITIALIZED_AUTOS = YES;
				GCC_WARN_UNUSED_VARIABLE = YES;
				MACOSX_DEPLOYMENT_TARGET = 10.8;
				ONLY_ACTIVE_ARCH = YES;
				SDKROOT = macosx;
			};
			name = Debug;
		};
		8410F31F170AF5AE001191E3 /* Release */ = {
			isa = XCBuildConfiguration;
			buildSettings = {
				ALWAYS_SEARCH_USER_PATHS = NO;
				ARCHS = "$(ARCHS_STANDARD_64_BIT)";
				CLANG_CXX_LANGUAGE_STANDARD = "gnu++0x";
				CLANG_CXX_LIBRARY = "libc++";
				CLANG_ENABLE_OBJC_ARC = YES;
				CLANG_WARN_CONSTANT_CONVERSION = YES;
				CLANG_WARN_EMPTY_BODY = YES;
				CLANG_WARN_ENUM_CONVERSION = YES;
				CLANG_WARN_INT_CONVERSION = YES;
				CLANG_WARN__DUPLICATE_METHOD_MATCH = YES;
				COPY_PHASE_STRIP = YES;
				DEBUG_INFORMATION_FORMAT = "dwarf-with-dsym";
				GCC_C_LANGUAGE_STANDARD = gnu99;
				GCC_ENABLE_OBJC_EXCEPTIONS = YES;
				GCC_WARN_64_TO_32_BIT_CONVERSION = YES;
				GCC_WARN_ABOUT_RETURN_TYPE = YES;
				GCC_WARN_UNINITIALIZED_AUTOS = YES;
				GCC_WARN_UNUSED_VARIABLE = YES;
				MACOSX_DEPLOYMENT_TARGET = 10.8;
				SDKROOT = macosx;
			};
			name = Release;
		};
		8410F321170AF5AE001191E3 /* Debug */ = {
			isa = XCBuildConfiguration;
			buildSettings = {
				COMBINE_HIDPI_IMAGES = YES;
				FRAMEWORK_SEARCH_PATHS = (
					"$(inherited)",
					"\"$(SRCROOT)\"",
				);
				GCC_PRECOMPILE_PREFIX_HEADER = YES;
				GCC_PREFIX_HEADER = "MacMiner/MacMiner-Prefix.pch";
				INFOPLIST_FILE = "MacMiner/MacMiner-Info.plist";
				LIBRARY_SEARCH_PATHS = (
					"$(inherited)",
					"\"$(SRCROOT)\"",
				);
				PRODUCT_NAME = "$(TARGET_NAME)";
				WRAPPER_EXTENSION = app;
			};
			name = Debug;
		};
		8410F322170AF5AE001191E3 /* Release */ = {
			isa = XCBuildConfiguration;
			buildSettings = {
				COMBINE_HIDPI_IMAGES = YES;
				FRAMEWORK_SEARCH_PATHS = (
					"$(inherited)",
					"\"$(SRCROOT)\"",
				);
				GCC_PRECOMPILE_PREFIX_HEADER = YES;
				GCC_PREFIX_HEADER = "MacMiner/MacMiner-Prefix.pch";
				INFOPLIST_FILE = "MacMiner/MacMiner-Info.plist";
				LIBRARY_SEARCH_PATHS = (
					"$(inherited)",
					"\"$(SRCROOT)\"",
				);
				PRODUCT_NAME = "$(TARGET_NAME)";
				WRAPPER_EXTENSION = app;
			};
			name = Release;
		};
		8410F324170AF5AE001191E3 /* Debug */ = {
			isa = XCBuildConfiguration;
			buildSettings = {
				BUNDLE_LOADER = "$(BUILT_PRODUCTS_DIR)/MacMiner.app/Contents/MacOS/MacMiner";
				COMBINE_HIDPI_IMAGES = YES;
				FRAMEWORK_SEARCH_PATHS = "\"$(DEVELOPER_LIBRARY_DIR)/Frameworks\"";
				GCC_PRECOMPILE_PREFIX_HEADER = YES;
				GCC_PREFIX_HEADER = "MacMiner/MacMiner-Prefix.pch";
				INFOPLIST_FILE = "MacMinerTests/MacMinerTests-Info.plist";
				PRODUCT_NAME = "$(TARGET_NAME)";
				TEST_HOST = "$(BUNDLE_LOADER)";
				WRAPPER_EXTENSION = octest;
			};
			name = Debug;
		};
		8410F325170AF5AE001191E3 /* Release */ = {
			isa = XCBuildConfiguration;
			buildSettings = {
				BUNDLE_LOADER = "$(BUILT_PRODUCTS_DIR)/MacMiner.app/Contents/MacOS/MacMiner";
				COMBINE_HIDPI_IMAGES = YES;
				FRAMEWORK_SEARCH_PATHS = "\"$(DEVELOPER_LIBRARY_DIR)/Frameworks\"";
				GCC_PRECOMPILE_PREFIX_HEADER = YES;
				GCC_PREFIX_HEADER = "MacMiner/MacMiner-Prefix.pch";
				INFOPLIST_FILE = "MacMinerTests/MacMinerTests-Info.plist";
				PRODUCT_NAME = "$(TARGET_NAME)";
				TEST_HOST = "$(BUNDLE_LOADER)";
				WRAPPER_EXTENSION = octest;
			};
			name = Release;
		};
/* End XCBuildConfiguration section */

/* Begin XCConfigurationList section */
		8410F2E7170AF5AD001191E3 /* Build configuration list for PBXProject "MacMiner" */ = {
			isa = XCConfigurationList;
			buildConfigurations = (
				8410F31E170AF5AE001191E3 /* Debug */,
				8410F31F170AF5AE001191E3 /* Release */,
			);
			defaultConfigurationIsVisible = 0;
			defaultConfigurationName = Release;
		};
		8410F320170AF5AE001191E3 /* Build configuration list for PBXNativeTarget "MacMiner" */ = {
			isa = XCConfigurationList;
			buildConfigurations = (
				8410F321170AF5AE001191E3 /* Debug */,
				8410F322170AF5AE001191E3 /* Release */,
			);
			defaultConfigurationIsVisible = 0;
			defaultConfigurationName = Release;
		};
		8410F323170AF5AE001191E3 /* Build configuration list for PBXNativeTarget "MacMinerTests" */ = {
			isa = XCConfigurationList;
			buildConfigurations = (
				8410F324170AF5AE001191E3 /* Debug */,
				8410F325170AF5AE001191E3 /* Release */,
			);
			defaultConfigurationIsVisible = 0;
			defaultConfigurationName = Release;
		};
/* End XCConfigurationList section */

/* Begin XCVersionGroup section */
		8410F307170AF5AD001191E3 /* MacMiner.xcdatamodeld */ = {
			isa = XCVersionGroup;
			children = (
				8410F308170AF5AD001191E3 /* MacMiner.xcdatamodel */,
			);
			currentVersion = 8410F308170AF5AD001191E3 /* MacMiner.xcdatamodel */;
			path = MacMiner.xcdatamodeld;
			sourceTree = "<group>";
			versionGroupType = wrapper.xcdatamodel;
		};
/* End XCVersionGroup section */
	};
	rootObject = 8410F2E4170AF5AD001191E3 /* Project object */;
}
